
Microsoft Visual Studio Solution File, Format Version 12.00
# Visual Studio Version 17
VisualStudioVersion = 17.1.32228.430
MinimumVisualStudioVersion = 10.0.40219.1
Project("{E53339B2-1760-4266-BCC7-CA923CBCF16C}") = "docker-compose", "docker-compose.dcproj", "{137AD555-463A-43DD-A6A0-8F50B8FF83C1}"
EndProject
Project("{9A19103F-16F7-4668-BE54-9A1E7A4F7556}") = "NUnitTests", "NUnitTests\NUnitTests.csproj", "{7C388BBE-70C0-4536-B9DC-D7E0C6FFF43B}"
EndProject
Project("{9A19103F-16F7-4668-BE54-9A1E7A4F7556}") = "API", "API\API.csproj", "{79EBC510-5ABA-44E7-B5C8-A37FDFDA8289}"
EndProject
Project("{9A19103F-16F7-4668-BE54-9A1E7A4F7556}") = "Domain", "Domain\Domain.csproj", "{97610FC7-B372-4F70-A349-BCAE48784C4F}"
EndProject
Project("{9A19103F-16F7-4668-BE54-9A1E7A4F7556}") = "Infrastructure", "Infrastructure\Infrastructure.csproj", "{CA30AB83-9BD3-48BA-A127-2127D134BFC0}"
EndProject
Project("{9A19103F-16F7-4668-BE54-9A1E7A4F7556}") = "XUnitTests", "XUnitTests\XUnitTests.csproj", "{576F3887-5FEA-40DE-9F10-1845E3D7C518}"
EndProject
Global
	GlobalSection(SolutionConfigurationPlatforms) = preSolution
		Debug|Any CPU = Debug|Any CPU
		Release|Any CPU = Release|Any CPU
	EndGlobalSection
	GlobalSection(ProjectConfigurationPlatforms) = postSolution
		{137AD555-463A-43DD-A6A0-8F50B8FF83C1}.Debug|Any CPU.ActiveCfg = Debug|Any CPU
		{137AD555-463A-43DD-A6A0-8F50B8FF83C1}.Debug|Any CPU.Build.0 = Debug|Any CPU
		{137AD555-463A-43DD-A6A0-8F50B8FF83C1}.Release|Any CPU.ActiveCfg = Release|Any CPU
		{137AD555-463A-43DD-A6A0-8F50B8FF83C1}.Release|Any CPU.Build.0 = Release|Any CPU
		{7C388BBE-70C0-4536-B9DC-D7E0C6FFF43B}.Debug|Any CPU.ActiveCfg = Debug|Any CPU
		{7C388BBE-70C0-4536-B9DC-D7E0C6FFF43B}.Debug|Any CPU.Build.0 = Debug|Any CPU
		{7C388BBE-70C0-4536-B9DC-D7E0C6FFF43B}.Release|Any CPU.ActiveCfg = Release|Any CPU
		{7C388BBE-70C0-4536-B9DC-D7E0C6FFF43B}.Release|Any CPU.Build.0 = Release|Any CPU
		{79EBC510-5ABA-44E7-B5C8-A37FDFDA8289}.Debug|Any CPU.ActiveCfg = Debug|Any CPU
		{79EBC510-5ABA-44E7-B5C8-A37FDFDA8289}.Debug|Any CPU.Build.0 = Debug|Any CPU
		{79EBC510-5ABA-44E7-B5C8-A37FDFDA8289}.Release|Any CPU.ActiveCfg = Release|Any CPU
		{79EBC510-5ABA-44E7-B5C8-A37FDFDA8289}.Release|Any CPU.Build.0 = Release|Any CPU
		{97610FC7-B372-4F70-A349-BCAE48784C4F}.Debug|Any CPU.ActiveCfg = Debug|Any CPU
		{97610FC7-B372-4F70-A349-BCAE48784C4F}.Debug|Any CPU.Build.0 = Debug|Any CPU
		{97610FC7-B372-4F70-A349-BCAE48784C4F}.Release|Any CPU.ActiveCfg = Release|Any CPU
		{97610FC7-B372-4F70-A349-BCAE48784C4F}.Release|Any CPU.Build.0 = Release|Any CPU
		{CA30AB83-9BD3-48BA-A127-2127D134BFC0}.Debug|Any CPU.ActiveCfg = Debug|Any CPU
		{CA30AB83-9BD3-48BA-A127-2127D134BFC0}.Debug|Any CPU.Build.0 = Debug|Any CPU
		{CA30AB83-9BD3-48BA-A127-2127D134BFC0}.Release|Any CPU.ActiveCfg = Release|Any CPU
		{CA30AB83-9BD3-48BA-A127-2127D134BFC0}.Release|Any CPU.Build.0 = Release|Any CPU
		{576F3887-5FEA-40DE-9F10-1845E3D7C518}.Debug|Any CPU.ActiveCfg = Debug|Any CPU
		{576F3887-5FEA-40DE-9F10-1845E3D7C518}.Debug|Any CPU.Build.0 = Debug|Any CPU
		{576F3887-5FEA-40DE-9F10-1845E3D7C518}.Release|Any CPU.ActiveCfg = Release|Any CPU
		{576F3887-5FEA-40DE-9F10-1845E3D7C518}.Release|Any CPU.Build.0 = Release|Any CPU
	EndGlobalSection
	GlobalSection(SolutionProperties) = preSolution
		HideSolutionNode = FALSE
	EndGlobalSection
	GlobalSection(ExtensibilityGlobals) = postSolution
		SolutionGuid = {80A3265B-AF40-405B-8F3A-13292313371B}
	EndGlobalSection
EndGlobal
